// !$*UTF8*$!
{
	archiveVersion = 1;
	classes = {
	};
	objectVersion = 46;
	objects = {

/* Begin PBXBuildFile section */
		66268E531D9C384500513C2F /* AppDelegate.swift in Sources */ = {isa = PBXBuildFile; fileRef = 66268E521D9C384500513C2F /* AppDelegate.swift */; };
		66268E551D9C384500513C2F /* ViewController.swift in Sources */ = {isa = PBXBuildFile; fileRef = 66268E541D9C384500513C2F /* ViewController.swift */; };
		66268E5A1D9C384500513C2F /* Assets.xcassets in Resources */ = {isa = PBXBuildFile; fileRef = 66268E591D9C384500513C2F /* Assets.xcassets */; };
		66268E5D1D9C384500513C2F /* LaunchScreen.storyboard in Resources */ = {isa = PBXBuildFile; fileRef = 66268E5B1D9C384500513C2F /* LaunchScreen.storyboard */; };
		66268E661D9C393200513C2F /* CalculatorBrain.swift in Sources */ = {isa = PBXBuildFile; fileRef = 66268E651D9C393200513C2F /* CalculatorBrain.swift */; };
		66268E6B1D9C3B9700513C2F /* Main.storyboard in Resources */ = {isa = PBXBuildFile; fileRef = 66268E6A1D9C3B9700513C2F /* Main.storyboard */; };
/* End PBXBuildFile section */

/* Begin PBXFileReference section */
		66268E4F1D9C384500513C2F /* TestGit.app */ = {isa = PBXFileReference; explicitFileType = wrapper.application; includeInIndex = 0; path = TestGit.app; sourceTree = BUILT_PRODUCTS_DIR; };
		66268E521D9C384500513C2F /* AppDelegate.swift */ = {isa = PBXFileReference; lastKnownFileType = sourcecode.swift; path = AppDelegate.swift; sourceTree = "<group>"; };
		66268E541D9C384500513C2F /* ViewController.swift */ = {isa = PBXFileReference; lastKnownFileType = sourcecode.swift; path = ViewController.swift; sourceTree = "<group>"; };
		66268E591D9C384500513C2F /* Assets.xcassets */ = {isa = PBXFileReference; lastKnownFileType = folder.assetcatalog; path = Assets.xcassets; sourceTree = "<group>"; };
		66268E5C1D9C384500513C2F /* Base */ = {isa = PBXFileReference; lastKnownFileType = file.storyboard; name = Base; path = Base.lproj/LaunchScreen.storyboard; sourceTree = "<group>"; };
		66268E5E1D9C384500513C2F /* Info.plist */ = {isa = PBXFileReference; lastKnownFileType = text.plist.xml; path = Info.plist; sourceTree = "<group>"; };
		66268E651D9C393200513C2F /* CalculatorBrain.swift */ = {isa = PBXFileReference; fileEncoding = 4; lastKnownFileType = sourcecode.swift; path = CalculatorBrain.swift; sourceTree = "<group>"; };
		66268E6A1D9C3B9700513C2F /* Main.storyboard */ = {isa = PBXFileReference; fileEncoding = 4; lastKnownFileType = file.storyboard; name = Main.storyboard; path = ../Main.storyboard; sourceTree = "<group>"; };
/* End PBXFileReference section */

/* Begin PBXFrameworksBuildPhase section */
		66268E4C1D9C384500513C2F /* Frameworks */ = {
			isa = PBXFrameworksBuildPhase;
			buildActionMask = 2147483647;
			files = (
			);
			runOnlyForDeploymentPostprocessing = 0;
		};
/* End PBXFrameworksBuildPhase section */

/* Begin PBXGroup section */
		66268E461D9C384500513C2F = {
			isa = PBXGroup;
			children = (
				66268E511D9C384500513C2F /* TestGit */,
				66268E501D9C384500513C2F /* Products */,
			);
			sourceTree = "<group>";
		};
		66268E501D9C384500513C2F /* Products */ = {
			isa = PBXGroup;
			children = (
				66268E4F1D9C384500513C2F /* TestGit.app */,
			);
			name = Products;
			sourceTree = "<group>";
		};
		66268E511D9C384500513C2F /* TestGit */ = {
			isa = PBXGroup;
			children = (
				66268E6A1D9C3B9700513C2F /* Main.storyboard */,
				66268E541D9C384500513C2F /* ViewController.swift */,
				66268E651D9C393200513C2F /* CalculatorBrain.swift */,
				66268E641D9C38E300513C2F /* supporting */,
			);
			path = TestGit;
			sourceTree = "<group>";
		};
		66268E641D9C38E300513C2F /* supporting */ = {
			isa = PBXGroup;
			children = (
				66268E521D9C384500513C2F /* AppDelegate.swift */,
				66268E591D9C384500513C2F /* Assets.xcassets */,
				66268E5B1D9C384500513C2F /* LaunchScreen.storyboard */,
				66268E5E1D9C384500513C2F /* Info.plist */,
			);
			name = supporting;
			sourceTree = "<group>";
		};
/* End PBXGroup section */

/* Begin PBXNativeTarget section */
		66268E4E1D9C384500513C2F /* TestGit */ = {
			isa = PBXNativeTarget;
			buildConfigurationList = 66268E611D9C384500513C2F /* Build configuration list for PBXNativeTarget "TestGit" */;
			buildPhases = (
				66268E4B1D9C384500513C2F /* Sources */,
				66268E4C1D9C384500513C2F /* Frameworks */,
				66268E4D1D9C384500513C2F /* Resources */,
			);
			buildRules = (
			);
			dependencies = (
			);
			name = TestGit;
			productName = TestGit;
			productReference = 66268E4F1D9C384500513C2F /* TestGit.app */;
			productType = "com.apple.product-type.application";
		};
/* End PBXNativeTarget section */

/* Begin PBXProject section */
		66268E471D9C384500513C2F /* Project object */ = {
			isa = PBXProject;
			attributes = {
				LastSwiftUpdateCheck = 0730;
				LastUpgradeCheck = 0730;
				ORGANIZATIONNAME = Can;
				TargetAttributes = {
					66268E4E1D9C384500513C2F = {
						CreatedOnToolsVersion = 7.3.1;
						DevelopmentTeam = 3A974QQH78;
					};
				};
			};
			buildConfigurationList = 66268E4A1D9C384500513C2F /* Build configuration list for PBXProject "TestGit" */;
			compatibilityVersion = "Xcode 3.2";
			developmentRegion = English;
			hasScannedForEncodings = 0;
			knownRegions = (
				en,
				Base,
			);
			mainGroup = 66268E461D9C384500513C2F;
			productRefGroup = 66268E501D9C384500513C2F /* Products */;
			projectDirPath = "";
			projectRoot = "";
			targets = (
				66268E4E1D9C384500513C2F /* TestGit */,
			);
		};
/* End PBXProject section */

/* Begin PBXResourcesBuildPhase section */
		66268E4D1D9C384500513C2F /* Resources */ = {
			isa = PBXResourcesBuildPhase;
			buildActionMask = 2147483647;
			files = (
				66268E6B1D9C3B9700513C2F /* Main.storyboard in Resources */,
				66268E5D1D9C384500513C2F /* LaunchScreen.storyboard in Resources */,
				66268E5A1D9C384500513C2F /* Assets.xcassets in Resources */,
			);
			runOnlyForDeploymentPostprocessing = 0;
		};
/* End PBXResourcesBuildPhase section */

/* Begin PBXSourcesBuildPhase section */
		66268E4B1D9C384500513C2F /* Sources */ = {
			isa = PBXSourcesBuildPhase;
			buildActionMask = 2147483647;
			files = (
				66268E661D9C393200513C2F /* CalculatorBrain.swift in Sources */,
				66268E551D9C384500513C2F /* ViewController.swift in Sources */,
				66268E531D9C384500513C2F /* AppDelegate.swift in Sources */,
			);
			runOnlyForDeploymentPostprocessing = 0;
		};
/* End PBXSourcesBuildPhase section */

/* Begin PBXVariantGroup section */
		66268E5B1D9C384500513C2F /* LaunchScreen.storyboard */ = {
			isa = PBXVariantGroup;
			children = (
				66268E5C1D9C384500513C2F /* Base */,
			);
			name = LaunchScreen.storyboard;
			sourceTree = "<group>";
		};
/* End PBXVariantGroup section */

/* Begin XCBuildConfiguration section */
		66268E5F1D9C384500513C2F /* Debug */ = {
			isa = XCBuildConfiguration;
			buildSettings = {
				ALWAYS_SEARCH_USER_PATHS = NO;
				CLANG_ANALYZER_NONNULL = YES;
				CLANG_CXX_LANGUAGE_STANDARD = "gnu++0x";
				CLANG_CXX_LIBRARY = "libc++";
				CLANG_ENABLE_MODULES = YES;
				CLANG_ENABLE_OBJC_ARC = YES;
				CLANG_WARN_BOOL_CONVERSION = YES;
				CLANG_WARN_CONSTANT_CONVERSION = YES;
				CLANG_WARN_DIRECT_OBJC_ISA_USAGE = YES_ERROR;
				CLANG_WARN_EMPTY_BODY = YES;
				CLANG_WARN_ENUM_CONVERSION = YES;
				CLANG_WARN_INT_CONVERSION = YES;
				CLANG_WARN_OBJC_ROOT_CLASS = YES_ERROR;
				CLANG_WARN_UNREACHABLE_CODE = YES;
				CLANG_WARN__DUPLICATE_METHOD_MATCH = YES;
				"CODE_SIGN_IDENTITY[sdk=iphoneos*]" = "iPhone Developer";
				COPY_PHASE_STRIP = NO;
				DEBUG_INFORMATION_FORMAT = dwarf;
				ENABLE_STRICT_OBJC_MSGSEND = YES;
				ENABLE_TESTABILITY = YES;
				GCC_C_LANGUAGE_STANDARD = gnu99;
				GCC_DYNAMIC_NO_PIC = NO;
				GCC_NO_COMMON_BLOCKS = YES;
				GCC_OPTIMIZATION_LEVEL = 0;
				GCC_PREPROCESSOR_DEFINITIONS = (
					"DEBUG=1",
					"$(inherited)",
				);
				GCC_WARN_64_TO_32_BIT_CONVERSION = YES;
				GCC_WARN_ABOUT_RETURN_TYPE = YES_ERROR;
				GCC_WARN_UNDECLARED_SELECTOR = YES;
				GCC_WARN_UNINITIALIZED_AUTOS = YES_AGGRESSIVE;
				GCC_WARN_UNUSED_FUNCTION = YES;
				GCC_WARN_UNUSED_VARIABLE = YES;
				IPHONEOS_DEPLOYMENT_TARGET = 9.3;
				MTL_ENABLE_DEBUG_INFO = YES;
				ONLY_ACTIVE_ARCH = YES;
				SDKROOT = iphoneos;
				SWIFT_OPTIMIZATION_LEVEL = "-Onone";
				TARGETED_DEVICE_FAMILY = "1,2";
			};
			name = Debug;
		};
		66268E601D9C384500513C2F /* Release */ = {
			isa = XCBuildConfiguration;
			buildSettings = {
				ALWAYS_SEARCH_USER_PATHS = NO;
				CLANG_ANALYZER_NONNULL = YES;
				CLANG_CXX_LANGUAGE_STANDARD = "gnu++0x";
				CLANG_CXX_LIBRARY = "libc++";
				CLANG_ENABLE_MODULES = YES;
				CLANG_ENABLE_OBJC_ARC = YES;
				CLANG_WARN_BOOL_CONVERSION = YES;
				CLANG_WARN_CONSTANT_CONVERSION = YES;
				CLANG_WARN_DIRECT_OBJC_ISA_USAGE = YES_ERROR;
				CLANG_WARN_EMPTY_BODY = YES;
				CLANG_WARN_ENUM_CONVERSION = YES;
				CLANG_WARN_INT_CONVERSION = YES;
				CLANG_WARN_OBJC_ROOT_CLASS = YES_ERROR;
				CLANG_WARN_UNREACHABLE_CODE = YES;
				CLANG_WARN__DUPLICATE_METHOD_MATCH = YES;
				"CODE_SIGN_IDENTITY[sdk=iphoneos*]" = "iPhone Developer";
				COPY_PHASE_STRIP = NO;
				DEBUG_INFORMATION_FORMAT = "dwarf-with-dsym";
				ENABLE_NS_ASSERTIONS = NO;
				ENABLE_STRICT_OBJC_MSGSEND = YES;
				GCC_C_LANGUAGE_STANDARD = gnu99;
				GCC_NO_COMMON_BLOCKS = YES;
				GCC_WARN_64_TO_32_BIT_CONVERSION = YES;
				GCC_WARN_ABOUT_RETURN_TYPE = YES_ERROR;
				GCC_WARN_UNDECLARED_SELECTOR = YES;
				GCC_WARN_UNINITIALIZED_AUTOS = YES_AGGRESSIVE;
				GCC_WARN_UNUSED_FUNCTION = YES;
				GCC_WARN_UNUSED_VARIABLE = YES;
				IPHONEOS_DEPLOYMENT_TARGET = 9.3;
				MTL_ENABLE_DEBUG_INFO = NO;
				SDKROOT = iphoneos;
				TARGETED_DEVICE_FAMILY = "1,2";
				VALIDATE_PRODUCT = YES;
			};
			name = Release;
		};
		66268E621D9C384500513C2F /* Debug */ = {
			isa = XCBuildConfiguration;
			buildSettings = {
				ASSETCATALOG_COMPILER_APPICON_NAME = AppIcon;
				INFOPLIST_FILE = TestGit/Info.plist;
				LD_RUNPATH_SEARCH_PATHS = "$(inherited) @executable_path/Frameworks";
				PRODUCT_BUNDLE_IDENTIFIER = Can.TestGit;
				PRODUCT_NAME = "$(TARGET_NAME)";
			};
			name = Debug;
		};
		66268E631D9C384500513C2F /* Release */ = {
			isa = XCBuildConfiguration;
			buildSettings = {
				ASSETCATALOG_COMPILER_APPICON_NAME = AppIcon;
				INFOPLIST_FILE = TestGit/Info.plist;
				LD_RUNPATH_SEARCH_PATHS = "$(inherited) @executable_path/Frameworks";
				PRODUCT_BUNDLE_IDENTIFIER = Can.TestGit;
				PRODUCT_NAME = "$(TARGET_NAME)";
			};
			name = Release;
		};
/* End XCBuildConfiguration section */

/* Begin XCConfigurationList section */
		66268E4A1D9C384500513C2F /* Build configuration list for PBXProject "TestGit" */ = {
			isa = XCConfigurationList;
			buildConfigurations = (
				66268E5F1D9C384500513C2F /* Debug */,
				66268E601D9C384500513C2F /* Release */,
			);
			defaultConfigurationIsVisible = 0;
			defaultConfigurationName = Release;
		};
		66268E611D9C384500513C2F /* Build configuration list for PBXNativeTarget "TestGit" */ = {
			isa = XCConfigurationList;
			buildConfigurations = (
				66268E621D9C384500513C2F /* Debug */,
				66268E631D9C384500513C2F /* Release */,
			);
			defaultConfigurationIsVisible = 0;
		};
/* End XCConfigurationList section */
	};
	rootObject = 66268E471D9C384500513C2F /* Project object */;
}
